
Microsoft Visual Studio Solution File, Format Version 12.00
# Visual Studio Version 17
VisualStudioVersion = 17.6.33815.320
MinimumVisualStudioVersion = 10.0.40219.1
Project("{FAE04EC0-301F-11D3-BF4B-00C04F79EFBC}") = "ZaimApi", "ZaimApi\ZaimApi.csproj", "{17672FDF-1D34-476E-A632-3A4E9C7A91EB}"
EndProject
Global
	GlobalSection(SolutionConfigurationPlatforms) = preSolution
		Debug|Any CPU = Debug|Any CPU
		Release|Any CPU = Release|Any CPU
	EndGlobalSection
	GlobalSection(ProjectConfigurationPlatforms) = postSolution
		{17672FDF-1D34-476E-A632-3A4E9C7A91EB}.Debug|Any CPU.ActiveCfg = Debug|Any CPU
		{17672FDF-1D34-476E-A632-3A4E9C7A91EB}.Debug|Any CPU.Build.0 = Debug|Any CPU
		{17672FDF-1D34-476E-A632-3A4E9C7A91EB}.Release|Any CPU.ActiveCfg = Release|Any CPU
		{17672FDF-1D34-476E-A632-3A4E9C7A91EB}.Release|Any CPU.Build.0 = Release|Any CPU
	EndGlobalSection
	GlobalSection(SolutionProperties) = preSolution
		HideSolutionNode = FALSE
	EndGlobalSection
	GlobalSection(ExtensibilityGlobals) = postSolution
		SolutionGuid = {E9430A43-9BFF-4A76-B828-0B19E45EAAEC}
	EndGlobalSection
EndGlobal
